
Microsoft Visual Studio Solution File, Format Version 12.00
# Visual Studio 14
VisualStudioVersion = 14.0.24720.0
MinimumVisualStudioVersion = 10.0.40219.1
Project("{FAE04EC0-301F-11D3-BF4B-00C04F79EFBC}") = "AVTestApp", "AVTestApp\AVTestApp.csproj", "{3D035AD2-8D7B-41E5-B110-8CF483EDEE96}"
EndProject
Project("{FAE04EC0-301F-11D3-BF4B-00C04F79EFBC}") = "AVTestApp.Tests", "AVTestApp.Tests\AVTestApp.Tests.csproj", "{2DAB9685-164E-4106-B830-69A4E0AECEF5}"
EndProject
Global
	GlobalSection(SolutionConfigurationPlatforms) = preSolution
		Debug|Any CPU = Debug|Any CPU
		Release|Any CPU = Release|Any CPU
	EndGlobalSection
	GlobalSection(ProjectConfigurationPlatforms) = postSolution
		{3D035AD2-8D7B-41E5-B110-8CF483EDEE96}.Debug|Any CPU.ActiveCfg = Debug|Any CPU
		{3D035AD2-8D7B-41E5-B110-8CF483EDEE96}.Debug|Any CPU.Build.0 = Debug|Any CPU
		{3D035AD2-8D7B-41E5-B110-8CF483EDEE96}.Release|Any CPU.ActiveCfg = Release|Any CPU
		{3D035AD2-8D7B-41E5-B110-8CF483EDEE96}.Release|Any CPU.Build.0 = Release|Any CPU
		{2DAB9685-164E-4106-B830-69A4E0AECEF5}.Debug|Any CPU.ActiveCfg = Debug|Any CPU
		{2DAB9685-164E-4106-B830-69A4E0AECEF5}.Debug|Any CPU.Build.0 = Debug|Any CPU
		{2DAB9685-164E-4106-B830-69A4E0AECEF5}.Release|Any CPU.ActiveCfg = Release|Any CPU
		{2DAB9685-164E-4106-B830-69A4E0AECEF5}.Release|Any CPU.Build.0 = Release|Any CPU
	EndGlobalSection
	GlobalSection(SolutionProperties) = preSolution
		HideSolutionNode = FALSE
	EndGlobalSection
EndGlobal
